// !$*UTF8*$!
{
	archiveVersion = 1;
	classes = {
	};
	objectVersion = 56;
	objects = {

/* Begin PBXBuildFile section */
		9CD387722A4618DB00190C56 /* AppDelegate.swift in Sources */ = {isa = PBXBuildFile; fileRef = 9CD387712A4618DB00190C56 /* AppDelegate.swift */; };
		9CD387742A4618DB00190C56 /* SceneDelegate.swift in Sources */ = {isa = PBXBuildFile; fileRef = 9CD387732A4618DB00190C56 /* SceneDelegate.swift */; };
		9CD387762A4618DB00190C56 /* HomeViewController.swift in Sources */ = {isa = PBXBuildFile; fileRef = 9CD387752A4618DB00190C56 /* HomeViewController.swift */; };
		9CD3877C2A4618DB00190C56 /* reciptoria.xcdatamodeld in Sources */ = {isa = PBXBuildFile; fileRef = 9CD3877A2A4618DB00190C56 /* reciptoria.xcdatamodeld */; };
		9CD3877E2A4618DC00190C56 /* Assets.xcassets in Resources */ = {isa = PBXBuildFile; fileRef = 9CD3877D2A4618DC00190C56 /* Assets.xcassets */; };
		9CD387812A4618DC00190C56 /* LaunchScreen.storyboard in Resources */ = {isa = PBXBuildFile; fileRef = 9CD3877F2A4618DC00190C56 /* LaunchScreen.storyboard */; };
		9CD3878F2A461BE900190C56 /* TabBarViewController.swift in Sources */ = {isa = PBXBuildFile; fileRef = 9CD3878E2A461BE900190C56 /* TabBarViewController.swift */; };
		9CD387912A461C8400190C56 /* DiscoverViewController.swift in Sources */ = {isa = PBXBuildFile; fileRef = 9CD387902A461C8400190C56 /* DiscoverViewController.swift */; };
		9CD387932A461C9800190C56 /* SavedViewController.swift in Sources */ = {isa = PBXBuildFile; fileRef = 9CD387922A461C9800190C56 /* SavedViewController.swift */; };
		9CD387972A464BEE00190C56 /* Colors.swift in Sources */ = {isa = PBXBuildFile; fileRef = 9CD387962A464BEE00190C56 /* Colors.swift */; };
/* End PBXBuildFile section */

/* Begin PBXFileReference section */
		9CD3876E2A4618DB00190C56 /* reciptoria.app */ = {isa = PBXFileReference; explicitFileType = wrapper.application; includeInIndex = 0; path = reciptoria.app; sourceTree = BUILT_PRODUCTS_DIR; };
		9CD387712A4618DB00190C56 /* AppDelegate.swift */ = {isa = PBXFileReference; lastKnownFileType = sourcecode.swift; path = AppDelegate.swift; sourceTree = "<group>"; };
		9CD387732A4618DB00190C56 /* SceneDelegate.swift */ = {isa = PBXFileReference; lastKnownFileType = sourcecode.swift; path = SceneDelegate.swift; sourceTree = "<group>"; };
		9CD387752A4618DB00190C56 /* HomeViewController.swift */ = {isa = PBXFileReference; lastKnownFileType = sourcecode.swift; path = HomeViewController.swift; sourceTree = "<group>"; };
		9CD3877B2A4618DB00190C56 /* reciptoria.xcdatamodel */ = {isa = PBXFileReference; lastKnownFileType = wrapper.xcdatamodel; path = reciptoria.xcdatamodel; sourceTree = "<group>"; };
		9CD3877D2A4618DC00190C56 /* Assets.xcassets */ = {isa = PBXFileReference; lastKnownFileType = folder.assetcatalog; path = Assets.xcassets; sourceTree = "<group>"; };
		9CD387802A4618DC00190C56 /* Base */ = {isa = PBXFileReference; lastKnownFileType = file.storyboard; name = Base; path = Base.lproj/LaunchScreen.storyboard; sourceTree = "<group>"; };
		9CD387822A4618DC00190C56 /* Info.plist */ = {isa = PBXFileReference; lastKnownFileType = text.plist.xml; path = Info.plist; sourceTree = "<group>"; };
		9CD3878E2A461BE900190C56 /* TabBarViewController.swift */ = {isa = PBXFileReference; lastKnownFileType = sourcecode.swift; path = TabBarViewController.swift; sourceTree = "<group>"; };
		9CD387902A461C8400190C56 /* DiscoverViewController.swift */ = {isa = PBXFileReference; lastKnownFileType = sourcecode.swift; path = DiscoverViewController.swift; sourceTree = "<group>"; };
		9CD387922A461C9800190C56 /* SavedViewController.swift */ = {isa = PBXFileReference; lastKnownFileType = sourcecode.swift; path = SavedViewController.swift; sourceTree = "<group>"; };
		9CD387962A464BEE00190C56 /* Colors.swift */ = {isa = PBXFileReference; lastKnownFileType = sourcecode.swift; path = Colors.swift; sourceTree = "<group>"; };
/* End PBXFileReference section */

/* Begin PBXFrameworksBuildPhase section */
		9CD3876B2A4618DB00190C56 /* Frameworks */ = {
			isa = PBXFrameworksBuildPhase;
			buildActionMask = 2147483647;
			files = (
			);
			runOnlyForDeploymentPostprocessing = 0;
		};
/* End PBXFrameworksBuildPhase section */

/* Begin PBXGroup section */
		9CD387652A4618DB00190C56 = {
			isa = PBXGroup;
			children = (
				9CD387702A4618DB00190C56 /* reciptoria */,
				9CD3876F2A4618DB00190C56 /* Products */,
			);
			sourceTree = "<group>";
		};
		9CD3876F2A4618DB00190C56 /* Products */ = {
			isa = PBXGroup;
			children = (
				9CD3876E2A4618DB00190C56 /* reciptoria.app */,
			);
			name = Products;
			sourceTree = "<group>";
		};
		9CD387702A4618DB00190C56 /* reciptoria */ = {
			isa = PBXGroup;
			children = (
				9CD3878D2A461A7100190C56 /* Resources */,
				9CD3878C2A461A6400190C56 /* Managers */,
				9CD3878B2A461A5400190C56 /* ViewModels */,
				9CD3878A2A461A4400190C56 /* Models */,
				9CD387892A461A3D00190C56 /* Views */,
				9CD387882A461A2200190C56 /* Controllers */,
				9CD387822A4618DC00190C56 /* Info.plist */,
				9CD3877A2A4618DB00190C56 /* reciptoria.xcdatamodeld */,
			);
			path = reciptoria;
			sourceTree = "<group>";
		};
		9CD387882A461A2200190C56 /* Controllers */ = {
			isa = PBXGroup;
			children = (
				9CD387952A461CBD00190C56 /* Other */,
				9CD387942A461CA800190C56 /* Core */,
			);
			path = Controllers;
			sourceTree = "<group>";
		};
		9CD387892A461A3D00190C56 /* Views */ = {
			isa = PBXGroup;
			children = (
				9CD3877F2A4618DC00190C56 /* LaunchScreen.storyboard */,
			);
			path = Views;
			sourceTree = "<group>";
		};
		9CD3878A2A461A4400190C56 /* Models */ = {
			isa = PBXGroup;
			children = (
			);
			path = Models;
			sourceTree = "<group>";
		};
		9CD3878B2A461A5400190C56 /* ViewModels */ = {
			isa = PBXGroup;
			children = (
			);
			path = ViewModels;
			sourceTree = "<group>";
		};
		9CD3878C2A461A6400190C56 /* Managers */ = {
			isa = PBXGroup;
			children = (
			);
			path = Managers;
			sourceTree = "<group>";
		};
		9CD3878D2A461A7100190C56 /* Resources */ = {
			isa = PBXGroup;
			children = (
				9CD3877D2A4618DC00190C56 /* Assets.xcassets */,
				9CD387712A4618DB00190C56 /* AppDelegate.swift */,
				9CD387732A4618DB00190C56 /* SceneDelegate.swift */,
				9CD387962A464BEE00190C56 /* Colors.swift */,
			);
			path = Resources;
			sourceTree = "<group>";
		};
		9CD387942A461CA800190C56 /* Core */ = {
			isa = PBXGroup;
			children = (
				9CD3878E2A461BE900190C56 /* TabBarViewController.swift */,
				9CD387752A4618DB00190C56 /* HomeViewController.swift */,
				9CD387902A461C8400190C56 /* DiscoverViewController.swift */,
				9CD387922A461C9800190C56 /* SavedViewController.swift */,
			);
			path = Core;
			sourceTree = "<group>";
		};
		9CD387952A461CBD00190C56 /* Other */ = {
			isa = PBXGroup;
			children = (
			);
			path = Other;
			sourceTree = "<group>";
		};
/* End PBXGroup section */

/* Begin PBXNativeTarget section */
		9CD3876D2A4618DB00190C56 /* reciptoria */ = {
			isa = PBXNativeTarget;
			buildConfigurationList = 9CD387852A4618DC00190C56 /* Build configuration list for PBXNativeTarget "reciptoria" */;
			buildPhases = (
				9CD3876A2A4618DB00190C56 /* Sources */,
				9CD3876B2A4618DB00190C56 /* Frameworks */,
				9CD3876C2A4618DB00190C56 /* Resources */,
			);
			buildRules = (
			);
			dependencies = (
			);
			name = reciptoria;
			productName = reciptoria;
			productReference = 9CD3876E2A4618DB00190C56 /* reciptoria.app */;
			productType = "com.apple.product-type.application";
		};
/* End PBXNativeTarget section */

/* Begin PBXProject section */
		9CD387662A4618DB00190C56 /* Project object */ = {
			isa = PBXProject;
			attributes = {
				BuildIndependentTargetsInParallel = 1;
				LastSwiftUpdateCheck = 1430;
				LastUpgradeCheck = 1430;
				TargetAttributes = {
					9CD3876D2A4618DB00190C56 = {
						CreatedOnToolsVersion = 14.3;
					};
				};
			};
			buildConfigurationList = 9CD387692A4618DB00190C56 /* Build configuration list for PBXProject "reciptoria" */;
			compatibilityVersion = "Xcode 14.0";
			developmentRegion = en;
			hasScannedForEncodings = 0;
			knownRegions = (
				en,
				Base,
			);
			mainGroup = 9CD387652A4618DB00190C56;
			productRefGroup = 9CD3876F2A4618DB00190C56 /* Products */;
			projectDirPath = "";
			projectRoot = "";
			targets = (
				9CD3876D2A4618DB00190C56 /* reciptoria */,
			);
		};
/* End PBXProject section */

/* Begin PBXResourcesBuildPhase section */
		9CD3876C2A4618DB00190C56 /* Resources */ = {
			isa = PBXResourcesBuildPhase;
			buildActionMask = 2147483647;
			files = (
				9CD387812A4618DC00190C56 /* LaunchScreen.storyboard in Resources */,
				9CD3877E2A4618DC00190C56 /* Assets.xcassets in Resources */,
			);
			runOnlyForDeploymentPostprocessing = 0;
		};
/* End PBXResourcesBuildPhase section */

/* Begin PBXSourcesBuildPhase section */
		9CD3876A2A4618DB00190C56 /* Sources */ = {
			isa = PBXSourcesBuildPhase;
			buildActionMask = 2147483647;
			files = (
				9CD387762A4618DB00190C56 /* HomeViewController.swift in Sources */,
				9CD387972A464BEE00190C56 /* Colors.swift in Sources */,
				9CD3877C2A4618DB00190C56 /* reciptoria.xcdatamodeld in Sources */,
				9CD387932A461C9800190C56 /* SavedViewController.swift in Sources */,
				9CD387722A4618DB00190C56 /* AppDelegate.swift in Sources */,
				9CD387912A461C8400190C56 /* DiscoverViewController.swift in Sources */,
				9CD3878F2A461BE900190C56 /* TabBarViewController.swift in Sources */,
				9CD387742A4618DB00190C56 /* SceneDelegate.swift in Sources */,
			);
			runOnlyForDeploymentPostprocessing = 0;
		};
/* End PBXSourcesBuildPhase section */

/* Begin PBXVariantGroup section */
		9CD3877F2A4618DC00190C56 /* LaunchScreen.storyboard */ = {
			isa = PBXVariantGroup;
			children = (
				9CD387802A4618DC00190C56 /* Base */,
			);
			name = LaunchScreen.storyboard;
			sourceTree = "<group>";
		};
/* End PBXVariantGroup section */

/* Begin XCBuildConfiguration section */
		9CD387832A4618DC00190C56 /* Debug */ = {
			isa = XCBuildConfiguration;
			buildSettings = {
				ALWAYS_SEARCH_USER_PATHS = NO;
				CLANG_ANALYZER_NONNULL = YES;
				CLANG_ANALYZER_NUMBER_OBJECT_CONVERSION = YES_AGGRESSIVE;
				CLANG_CXX_LANGUAGE_STANDARD = "gnu++20";
				CLANG_ENABLE_MODULES = YES;
				CLANG_ENABLE_OBJC_ARC = YES;
				CLANG_ENABLE_OBJC_WEAK = YES;
				CLANG_WARN_BLOCK_CAPTURE_AUTORELEASING = YES;
				CLANG_WARN_BOOL_CONVERSION = YES;
				CLANG_WARN_COMMA = YES;
				CLANG_WARN_CONSTANT_CONVERSION = YES;
				CLANG_WARN_DEPRECATED_OBJC_IMPLEMENTATIONS = YES;
				CLANG_WARN_DIRECT_OBJC_ISA_USAGE = YES_ERROR;
				CLANG_WARN_DOCUMENTATION_COMMENTS = YES;
				CLANG_WARN_EMPTY_BODY = YES;
				CLANG_WARN_ENUM_CONVERSION = YES;
				CLANG_WARN_INFINITE_RECURSION = YES;
				CLANG_WARN_INT_CONVERSION = YES;
				CLANG_WARN_NON_LITERAL_NULL_CONVERSION = YES;
				CLANG_WARN_OBJC_IMPLICIT_RETAIN_SELF = YES;
				CLANG_WARN_OBJC_LITERAL_CONVERSION = YES;
				CLANG_WARN_OBJC_ROOT_CLASS = YES_ERROR;
				CLANG_WARN_QUOTED_INCLUDE_IN_FRAMEWORK_HEADER = YES;
				CLANG_WARN_RANGE_LOOP_ANALYSIS = YES;
				CLANG_WARN_STRICT_PROTOTYPES = YES;
				CLANG_WARN_SUSPICIOUS_MOVE = YES;
				CLANG_WARN_UNGUARDED_AVAILABILITY = YES_AGGRESSIVE;
				CLANG_WARN_UNREACHABLE_CODE = YES;
				CLANG_WARN__DUPLICATE_METHOD_MATCH = YES;
				COPY_PHASE_STRIP = NO;
				DEBUG_INFORMATION_FORMAT = dwarf;
				ENABLE_STRICT_OBJC_MSGSEND = YES;
				ENABLE_TESTABILITY = YES;
				GCC_C_LANGUAGE_STANDARD = gnu11;
				GCC_DYNAMIC_NO_PIC = NO;
				GCC_NO_COMMON_BLOCKS = YES;
				GCC_OPTIMIZATION_LEVEL = 0;
				GCC_PREPROCESSOR_DEFINITIONS = (
					"DEBUG=1",
					"$(inherited)",
				);
				GCC_WARN_64_TO_32_BIT_CONVERSION = YES;
				GCC_WARN_ABOUT_RETURN_TYPE = YES_ERROR;
				GCC_WARN_UNDECLARED_SELECTOR = YES;
				GCC_WARN_UNINITIALIZED_AUTOS = YES_AGGRESSIVE;
				GCC_WARN_UNUSED_FUNCTION = YES;
				GCC_WARN_UNUSED_VARIABLE = YES;
				IPHONEOS_DEPLOYMENT_TARGET = 16.4;
				MTL_ENABLE_DEBUG_INFO = INCLUDE_SOURCE;
				MTL_FAST_MATH = YES;
				ONLY_ACTIVE_ARCH = YES;
				SDKROOT = iphoneos;
				SWIFT_ACTIVE_COMPILATION_CONDITIONS = DEBUG;
				SWIFT_OPTIMIZATION_LEVEL = "-Onone";
			};
			name = Debug;
		};
		9CD387842A4618DC00190C56 /* Release */ = {
			isa = XCBuildConfiguration;
			buildSettings = {
				ALWAYS_SEARCH_USER_PATHS = NO;
				CLANG_ANALYZER_NONNULL = YES;
				CLANG_ANALYZER_NUMBER_OBJECT_CONVERSION = YES_AGGRESSIVE;
				CLANG_CXX_LANGUAGE_STANDARD = "gnu++20";
				CLANG_ENABLE_MODULES = YES;
				CLANG_ENABLE_OBJC_ARC = YES;
				CLANG_ENABLE_OBJC_WEAK = YES;
				CLANG_WARN_BLOCK_CAPTURE_AUTORELEASING = YES;
				CLANG_WARN_BOOL_CONVERSION = YES;
				CLANG_WARN_COMMA = YES;
				CLANG_WARN_CONSTANT_CONVERSION = YES;
				CLANG_WARN_DEPRECATED_OBJC_IMPLEMENTATIONS = YES;
				CLANG_WARN_DIRECT_OBJC_ISA_USAGE = YES_ERROR;
				CLANG_WARN_DOCUMENTATION_COMMENTS = YES;
				CLANG_WARN_EMPTY_BODY = YES;
				CLANG_WARN_ENUM_CONVERSION = YES;
				CLANG_WARN_INFINITE_RECURSION = YES;
				CLANG_WARN_INT_CONVERSION = YES;
				CLANG_WARN_NON_LITERAL_NULL_CONVERSION = YES;
				CLANG_WARN_OBJC_IMPLICIT_RETAIN_SELF = YES;
				CLANG_WARN_OBJC_LITERAL_CONVERSION = YES;
				CLANG_WARN_OBJC_ROOT_CLASS = YES_ERROR;
				CLANG_WARN_QUOTED_INCLUDE_IN_FRAMEWORK_HEADER = YES;
				CLANG_WARN_RANGE_LOOP_ANALYSIS = YES;
				CLANG_WARN_STRICT_PROTOTYPES = YES;
				CLANG_WARN_SUSPICIOUS_MOVE = YES;
				CLANG_WARN_UNGUARDED_AVAILABILITY = YES_AGGRESSIVE;
				CLANG_WARN_UNREACHABLE_CODE = YES;
				CLANG_WARN__DUPLICATE_METHOD_MATCH = YES;
				COPY_PHASE_STRIP = NO;
				DEBUG_INFORMATION_FORMAT = "dwarf-with-dsym";
				ENABLE_NS_ASSERTIONS = NO;
				ENABLE_STRICT_OBJC_MSGSEND = YES;
				GCC_C_LANGUAGE_STANDARD = gnu11;
				GCC_NO_COMMON_BLOCKS = YES;
				GCC_WARN_64_TO_32_BIT_CONVERSION = YES;
				GCC_WARN_ABOUT_RETURN_TYPE = YES_ERROR;
				GCC_WARN_UNDECLARED_SELECTOR = YES;
				GCC_WARN_UNINITIALIZED_AUTOS = YES_AGGRESSIVE;
				GCC_WARN_UNUSED_FUNCTION = YES;
				GCC_WARN_UNUSED_VARIABLE = YES;
				IPHONEOS_DEPLOYMENT_TARGET = 16.4;
				MTL_ENABLE_DEBUG_INFO = NO;
				MTL_FAST_MATH = YES;
				SDKROOT = iphoneos;
				SWIFT_COMPILATION_MODE = wholemodule;
				SWIFT_OPTIMIZATION_LEVEL = "-O";
				VALIDATE_PRODUCT = YES;
			};
			name = Release;
		};
		9CD387862A4618DC00190C56 /* Debug */ = {
			isa = XCBuildConfiguration;
			buildSettings = {
				ASSETCATALOG_COMPILER_APPICON_NAME = AppIcon;
				ASSETCATALOG_COMPILER_GLOBAL_ACCENT_COLOR_NAME = AccentColor;
				CODE_SIGN_STYLE = Automatic;
				CURRENT_PROJECT_VERSION = 1;
				GENERATE_INFOPLIST_FILE = YES;
				INFOPLIST_FILE = reciptoria/Info.plist;
				INFOPLIST_KEY_UIApplicationSupportsIndirectInputEvents = YES;
				INFOPLIST_KEY_UILaunchStoryboardName = LaunchScreen;
				INFOPLIST_KEY_UISupportedInterfaceOrientations_iPad = "UIInterfaceOrientationPortrait UIInterfaceOrientationPortraitUpsideDown UIInterfaceOrientationLandscapeLeft UIInterfaceOrientationLandscapeRight";
				INFOPLIST_KEY_UISupportedInterfaceOrientations_iPhone = "UIInterfaceOrientationPortrait UIInterfaceOrientationLandscapeLeft UIInterfaceOrientationLandscapeRight";
				LD_RUNPATH_SEARCH_PATHS = (
					"$(inherited)",
					"@executable_path/Frameworks",
				);
				MARKETING_VERSION = 1.0;
				PRODUCT_BUNDLE_IDENTIFIER = Pineapple.reciptoria;
				PRODUCT_NAME = "$(TARGET_NAME)";
				SWIFT_EMIT_LOC_STRINGS = YES;
				SWIFT_VERSION = 5.0;
				TARGETED_DEVICE_FAMILY = "1,2";
			};
			name = Debug;
		};
		9CD387872A4618DC00190C56 /* Release */ = {
			isa = XCBuildConfiguration;
			buildSettings = {
				ASSETCATALOG_COMPILER_APPICON_NAME = AppIcon;
				ASSETCATALOG_COMPILER_GLOBAL_ACCENT_COLOR_NAME = AccentColor;
				CODE_SIGN_STYLE = Automatic;
				CURRENT_PROJECT_VERSION = 1;
				GENERATE_INFOPLIST_FILE = YES;
				INFOPLIST_FILE = reciptoria/Info.plist;
				INFOPLIST_KEY_UIApplicationSupportsIndirectInputEvents = YES;
				INFOPLIST_KEY_UILaunchStoryboardName = LaunchScreen;
				INFOPLIST_KEY_UISupportedInterfaceOrientations_iPad = "UIInterfaceOrientationPortrait UIInterfaceOrientationPortraitUpsideDown UIInterfaceOrientationLandscapeLeft UIInterfaceOrientationLandscapeRight";
				INFOPLIST_KEY_UISupportedInterfaceOrientations_iPhone = "UIInterfaceOrientationPortrait UIInterfaceOrientationLandscapeLeft UIInterfaceOrientationLandscapeRight";
				LD_RUNPATH_SEARCH_PATHS = (
					"$(inherited)",
					"@executable_path/Frameworks",
				);
				MARKETING_VERSION = 1.0;
				PRODUCT_BUNDLE_IDENTIFIER = Pineapple.reciptoria;
				PRODUCT_NAME = "$(TARGET_NAME)";
				SWIFT_EMIT_LOC_STRINGS = YES;
				SWIFT_VERSION = 5.0;
				TARGETED_DEVICE_FAMILY = "1,2";
			};
			name = Release;
		};
/* End XCBuildConfiguration section */

/* Begin XCConfigurationList section */
		9CD387692A4618DB00190C56 /* Build configuration list for PBXProject "reciptoria" */ = {
			isa = XCConfigurationList;
			buildConfigurations = (
				9CD387832A4618DC00190C56 /* Debug */,
				9CD387842A4618DC00190C56 /* Release */,
			);
			defaultConfigurationIsVisible = 0;
			defaultConfigurationName = Release;
		};
		9CD387852A4618DC00190C56 /* Build configuration list for PBXNativeTarget "reciptoria" */ = {
			isa = XCConfigurationList;
			buildConfigurations = (
				9CD387862A4618DC00190C56 /* Debug */,
				9CD387872A4618DC00190C56 /* Release */,
			);
			defaultConfigurationIsVisible = 0;
			defaultConfigurationName = Release;
		};
/* End XCConfigurationList section */

/* Begin XCVersionGroup section */
		9CD3877A2A4618DB00190C56 /* reciptoria.xcdatamodeld */ = {
			isa = XCVersionGroup;
			children = (
				9CD3877B2A4618DB00190C56 /* reciptoria.xcdatamodel */,
			);
			currentVersion = 9CD3877B2A4618DB00190C56 /* reciptoria.xcdatamodel */;
			path = reciptoria.xcdatamodeld;
			sourceTree = "<group>";
			versionGroupType = wrapper.xcdatamodel;
		};
/* End XCVersionGroup section */
	};
	rootObject = 9CD387662A4618DB00190C56 /* Project object */;
}
